// !$*UTF8*$!
{
	archiveVersion = 1;
	classes = {
	};
	objectVersion = 46;
	objects = {

/* Begin PBXBuildFile section */
		F5E18CC91A0F6DA00041C152 /* main.cpp in Sources */ = {isa = PBXBuildFile; fileRef = F5E18CC81A0F6DA00041C152 /* main.cpp */; };
/* End PBXBuildFile section */

/* Begin PBXCopyFilesBuildPhase section */
		F5E18CC31A0F6DA00041C152 /* CopyFiles */ = {
			isa = PBXCopyFilesBuildPhase;
			buildActionMask = 2147483647;
			dstPath = /usr/share/man/man1/;
			dstSubfolderSpec = 0;
			files = (
			);
			runOnlyForDeploymentPostprocessing = 1;
		};
/* End PBXCopyFilesBuildPhase section */

/* Begin PBXFileReference section */
		F5E18CC51A0F6DA00041C152 /* vgm2nes */ = {isa = PBXFileReference; explicitFileType = "compiled.mach-o.executable"; includeInIndex = 0; path = vgm2nes; sourceTree = BUILT_PRODUCTS_DIR; };
		F5E18CC81A0F6DA00041C152 /* main.cpp */ = {isa = PBXFileReference; lastKnownFileType = sourcecode.cpp.cpp; path = main.cpp; sourceTree = "<group>"; };
/* End PBXFileReference section */

/* Begin PBXFrameworksBuildPhase section */
		F5E18CC21A0F6DA00041C152 /* Frameworks */ = {
			isa = PBXFrameworksBuildPhase;
			buildActionMask = 2147483647;
			files = (
			);
			runOnlyForDeploymentPostprocessing = 0;
		};
/* End PBXFrameworksBuildPhase section */

/* Begin PBXGroup section */
		F5E18CBC1A0F6DA00041C152 = {
			isa = PBXGroup;
			children = (
				F5E18CC71A0F6DA00041C152 /* vgm2nes */,
				F5E18CC61A0F6DA00041C152 /* Products */,
			);
			sourceTree = "<group>";
		};
		F5E18CC61A0F6DA00041C152 /* Products */ = {
			isa = PBXGroup;
			children = (
				F5E18CC51A0F6DA00041C152 /* vgm2nes */,
			);
			name = Products;
			sourceTree = "<group>";
		};
		F5E18CC71A0F6DA00041C152 /* vgm2nes */ = {
			isa = PBXGroup;
			children = (
				F5E18CC81A0F6DA00041C152 /* main.cpp */,
			);
			path = vgm2nes;
			sourceTree = "<group>";
		};
/* End PBXGroup section */

/* Begin PBXNativeTarget section */
		F5E18CC41A0F6DA00041C152 /* vgm2nes */ = {
			isa = PBXNativeTarget;
			buildConfigurationList = F5E18CCE1A0F6DA00041C152 /* Build configuration list for PBXNativeTarget "vgm2nes" */;
			buildPhases = (
				F5E18CC11A0F6DA00041C152 /* Sources */,
				F5E18CC21A0F6DA00041C152 /* Frameworks */,
				F5E18CC31A0F6DA00041C152 /* CopyFiles */,
			);
			buildRules = (
			);
			dependencies = (
			);
			name = vgm2nes;
			productName = vgm2nes;
			productReference = F5E18CC51A0F6DA00041C152 /* vgm2nes */;
			productType = "com.apple.product-type.tool";
		};
/* End PBXNativeTarget section */

/* Begin PBXProject section */
		F5E18CBD1A0F6DA00041C152 /* Project object */ = {
			isa = PBXProject;
			attributes = {
				LastUpgradeCheck = 0510;
				ORGANIZATIONNAME = osoumen;
			};
			buildConfigurationList = F5E18CC01A0F6DA00041C152 /* Build configuration list for PBXProject "vgm2nes" */;
			compatibilityVersion = "Xcode 3.2";
			developmentRegion = English;
			hasScannedForEncodings = 0;
			knownRegions = (
				en,
			);
			mainGroup = F5E18CBC1A0F6DA00041C152;
			productRefGroup = F5E18CC61A0F6DA00041C152 /* Products */;
			projectDirPath = "";
			projectRoot = "";
			targets = (
				F5E18CC41A0F6DA00041C152 /* vgm2nes */,
			);
		};
/* End PBXProject section */

/* Begin PBXSourcesBuildPhase section */
		F5E18CC11A0F6DA00041C152 /* Sources */ = {
			isa = PBXSourcesBuildPhase;
			buildActionMask = 2147483647;
			files = (
				F5E18CC91A0F6DA00041C152 /* main.cpp in Sources */,
			);
			runOnlyForDeploymentPostprocessing = 0;
		};
/* End PBXSourcesBuildPhase section */

/* Begin XCBuildConfiguration section */
		F5E18CCC1A0F6DA00041C152 /* Debug */ = {
			isa = XCBuildConfiguration;
			buildSettings = {
				ALWAYS_SEARCH_USER_PATHS = NO;
				CLANG_CXX_LANGUAGE_STANDARD = "gnu++0x";
				CLANG_CXX_LIBRARY = "libc++";
				CLANG_ENABLE_MODULES = YES;
				CLANG_ENABLE_OBJC_ARC = YES;
				CLANG_WARN_BOOL_CONVERSION = YES;
				CLANG_WARN_CONSTANT_CONVERSION = YES;
				CLANG_WARN_DIRECT_OBJC_ISA_USAGE = YES_ERROR;
				CLANG_WARN_EMPTY_BODY = YES;
				CLANG_WARN_ENUM_CONVERSION = YES;
				CLANG_WARN_INT_CONVERSION = YES;
				CLANG_WARN_OBJC_ROOT_CLASS = YES_ERROR;
				CLANG_WARN__DUPLICATE_METHOD_MATCH = YES;
				COPY_PHASE_STRIP = NO;
				GCC_C_LANGUAGE_STANDARD = gnu99;
				GCC_DYNAMIC_NO_PIC = NO;
				GCC_ENABLE_OBJC_EXCEPTIONS = YES;
				GCC_OPTIMIZATION_LEVEL = 0;
				GCC_PREPROCESSOR_DEFINITIONS = (
					"DEBUG=1",
					"$(inherited)",
				);
				GCC_SYMBOLS_PRIVATE_EXTERN = NO;
				GCC_WARN_64_TO_32_BIT_CONVERSION = YES;
				GCC_WARN_ABOUT_RETURN_TYPE = YES_ERROR;
				GCC_WARN_UNDECLARED_SELECTOR = YES;
				GCC_WARN_UNINITIALIZED_AUTOS = YES_AGGRESSIVE;
				GCC_WARN_UNUSED_FUNCTION = YES;
				GCC_WARN_UNUSED_VARIABLE = YES;
				MACOSX_DEPLOYMENT_TARGET = 10.8;
				ONLY_ACTIVE_ARCH = YES;
				SDKROOT = macosx10.8;
			};
			name = Debug;
		};
		F5E18CCD1A0F6DA00041C152 /* Release */ = {
			isa = XCBuildConfiguration;
			buildSettings = {
				ALWAYS_SEARCH_USER_PATHS = NO;
				CLANG_CXX_LANGUAGE_STANDARD = "gnu++0x";
				CLANG_CXX_LIBRARY = "libc++";
				CLANG_ENABLE_MODULES = YES;
				CLANG_ENABLE_OBJC_ARC = YES;
				CLANG_WARN_BOOL_CONVERSION = YES;
				CLANG_WARN_CONSTANT_CONVERSION = YES;
				CLANG_WARN_DIRECT_OBJC_ISA_USAGE = YES_ERROR;
				CLANG_WARN_EMPTY_BODY = YES;
				CLANG_WARN_ENUM_CONVERSION = YES;
				CLANG_WARN_INT_CONVERSION = YES;
				CLANG_WARN_OBJC_ROOT_CLASS = YES_ERROR;
				CLANG_WARN__DUPLICATE_METHOD_MATCH = YES;
				COPY_PHASE_STRIP = YES;
				DEBUG_INFORMATION_FORMAT = "dwarf-with-dsym";
				ENABLE_NS_ASSERTIONS = NO;
				GCC_C_LANGUAGE_STANDARD = gnu99;
				GCC_ENABLE_OBJC_EXCEPTIONS = YES;
				GCC_WARN_64_TO_32_BIT_CONVERSION = YES;
				GCC_WARN_ABOUT_RETURN_TYPE = YES_ERROR;
				GCC_WARN_UNDECLARED_SELECTOR = YES;
				GCC_WARN_UNINITIALIZED_AUTOS = YES_AGGRESSIVE;
				GCC_WARN_UNUSED_FUNCTION = YES;
				GCC_WARN_UNUSED_VARIABLE = YES;
				MACOSX_DEPLOYMENT_TARGET = 10.8;
				SDKROOT = macosx10.8;
			};
			name = Release;
		};
		F5E18CCF1A0F6DA00041C152 /* Debug */ = {
			isa = XCBuildConfiguration;
			buildSettings = {
				PRODUCT_NAME = "$(TARGET_NAME)";
			};
			name = Debug;
		};
		F5E18CD01A0F6DA00041C152 /* Release */ = {
			isa = XCBuildConfiguration;
			buildSettings = {
				PRODUCT_NAME = "$(TARGET_NAME)";
			};
			name = Release;
		};
/* End XCBuildConfiguration section */

/* Begin XCConfigurationList section */
		F5E18CC01A0F6DA00041C152 /* Build configuration list for PBXProject "vgm2nes" */ = {
			isa = XCConfigurationList;
			buildConfigurations = (
				F5E18CCC1A0F6DA00041C152 /* Debug */,
				F5E18CCD1A0F6DA00041C152 /* Release */,
			);
			defaultConfigurationIsVisible = 0;
			defaultConfigurationName = Release;
		};
		F5E18CCE1A0F6DA00041C152 /* Build configuration list for PBXNativeTarget "vgm2nes" */ = {
			isa = XCConfigurationList;
			buildConfigurations = (
				F5E18CCF1A0F6DA00041C152 /* Debug */,
				F5E18CD01A0F6DA00041C152 /* Release */,
			);
			defaultConfigurationIsVisible = 0;
		};
/* End XCConfigurationList section */
	};
	rootObject = F5E18CBD1A0F6DA00041C152 /* Project object */;
}
